
Microsoft Visual Studio Solution File, Format Version 12.00
# Visual Studio Version 17
VisualStudioVersion = 17.0.31903.59
MinimumVisualStudioVersion = 10.0.40219.1
Project("{2150E333-8FDC-42A3-9474-1A3956D46DE8}") = "src", "src", "{56DC8BC2-7ADB-47C0-8BAF-514F79050A66}"
EndProject
Project("{2150E333-8FDC-42A3-9474-1A3956D46DE8}") = "BuildingBlocks", "BuildingBlocks", "{DA8CE707-FCAF-4B08-98F6-95F6DB8D02DA}"
EndProject
Project("{2150E333-8FDC-42A3-9474-1A3956D46DE8}") = "Lingol.Core", "Lingol.Core", "{78FE631C-9F93-4C78-81B8-EB8906ADCAB6}"
EndProject
Project("{FAE04EC0-301F-11D3-BF4B-00C04F79EFBC}") = "Lingol.Core", "src\BuildingBlocks\Lingol.Core\Lingol.Core\Lingol.Core.csproj", "{C8D865B9-C103-45D5-AFDF-DAD9588F7172}"
EndProject
Project("{2150E333-8FDC-42A3-9474-1A3956D46DE8}") = "Lingol.Contracts", "Lingol.Contracts", "{F271D069-96F4-41EC-AB5F-DEB3F21FCD7E}"
EndProject
Project("{FAE04EC0-301F-11D3-BF4B-00C04F79EFBC}") = "Lingol.Contracts", "src\BuildingBlocks\Lingol.Contracts\Lingol.Contracts\Lingol.Contracts.csproj", "{54CCEC9E-E77E-483E-A8E4-84235C8D3B0E}"
EndProject
Project("{2150E333-8FDC-42A3-9474-1A3956D46DE8}") = "Services", "Services", "{0F9EB597-434D-424B-9DAE-F7ED43EA4786}"
EndProject
Project("{2150E333-8FDC-42A3-9474-1A3956D46DE8}") = "Cadastro", "Cadastro", "{5866C3FF-5515-4BFC-9B9D-F04DE30C699F}"
EndProject
Project("{2150E333-8FDC-42A3-9474-1A3956D46DE8}") = "Cadastro.Domain", "Cadastro.Domain", "{FAD1675E-0F4E-44F4-86A2-91B518AE6D03}"
EndProject
Project("{FAE04EC0-301F-11D3-BF4B-00C04F79EFBC}") = "Lingol.Cadastro.Domain", "src\Services\Cadastro\Cadastro.Domain\Lingol.Cadastro.Domain\Lingol.Cadastro.Domain.csproj", "{296DFAAF-40AC-4351-BCF5-5F3346E0DB86}"
EndProject
Project("{2150E333-8FDC-42A3-9474-1A3956D46DE8}") = "Cadastro.Application", "Cadastro.Application", "{53E163EE-5D0F-4AE1-950A-91A8408407E2}"
EndProject
Project("{FAE04EC0-301F-11D3-BF4B-00C04F79EFBC}") = "Lingol.Cadastro.Application", "src\Services\Cadastro\Cadastro.Application\Lingol.Cadastro.Application\Lingol.Cadastro.Application.csproj", "{0B8CA18F-67A4-4591-9AFB-2EAE03B5DA69}"
EndProject
Project("{2150E333-8FDC-42A3-9474-1A3956D46DE8}") = "Cadastro.API", "Cadastro.API", "{8C88B3D6-10FC-4077-86CC-F5507DC65F33}"
EndProject
Project("{FAE04EC0-301F-11D3-BF4B-00C04F79EFBC}") = "Lingol.Cadastro.API", "src\Services\Cadastro\Cadastro.API\Lingol.Cadastro.API\Lingol.Cadastro.API.csproj", "{87D29C9D-8DE0-42BF-AF9A-F41C31CEB7E7}"
EndProject
Project("{2150E333-8FDC-42A3-9474-1A3956D46DE8}") = "Pedagogico", "Pedagogico", "{4F8B205D-ABB5-4319-95BA-AD5915B43242}"
EndProject
Project("{2150E333-8FDC-42A3-9474-1A3956D46DE8}") = "Pedagogico.Domain", "Pedagogico.Domain", "{02FF20F6-215C-43B2-AC72-6993C997B0AD}"
EndProject
Project("{FAE04EC0-301F-11D3-BF4B-00C04F79EFBC}") = "Lingol.Pedagogico.Domain", "src\Services\Pedagogico\Pedagogico.Domain\Lingol.Pedagogico.Domain\Lingol.Pedagogico.Domain.csproj", "{B0A8A64F-0BED-4D95-878F-7772B7C9CA41}"
EndProject
Project("{2150E333-8FDC-42A3-9474-1A3956D46DE8}") = "Cadastro.Infrastructure", "Cadastro.Infrastructure", "{A1368759-9295-4350-A224-39B2E1193232}"
EndProject
Project("{FAE04EC0-301F-11D3-BF4B-00C04F79EFBC}") = "Lingol.Cadastro.Infrastructure", "src\Services\Cadastro\Cadastro.Infrastructure\Lingol.Cadastro.Infrastructure\Lingol.Cadastro.Infrastructure.csproj", "{64112C1A-863A-4FAA-BD5F-C40E738BA027}"
EndProject
Project("{2150E333-8FDC-42A3-9474-1A3956D46DE8}") = "Pedagogico.Application", "Pedagogico.Application", "{9F651F17-DD6E-4F39-B42E-3B6EADBB1FD4}"
EndProject
Project("{FAE04EC0-301F-11D3-BF4B-00C04F79EFBC}") = "Lingol.Pedagogico.Application", "src\Services\Pedagogico\Pedagogico.Application\Lingol.Pedagogico.Application\Lingol.Pedagogico.Application.csproj", "{28A3B2AB-5DDA-43CC-98F4-4564D5F24950}"
EndProject
Project("{2150E333-8FDC-42A3-9474-1A3956D46DE8}") = "Pedagogico.Infrastructure", "Pedagogico.Infrastructure", "{C5FD468B-C109-4AE1-B2AD-BB8FAD9805C2}"
EndProject
Project("{FAE04EC0-301F-11D3-BF4B-00C04F79EFBC}") = "Lingol.Pedagogico.Infrastructure", "src\Services\Pedagogico\Pedagogico.Infrastructure\Lingol.Pedagogico.Infrastructure\Lingol.Pedagogico.Infrastructure.csproj", "{438C7DAF-E003-4001-9032-E3A95D137DEC}"
EndProject
Project("{2150E333-8FDC-42A3-9474-1A3956D46DE8}") = "Pedagogico.API", "Pedagogico.API", "{99111FEF-8914-47B7-82E8-FDF140FA6FCF}"
EndProject
Project("{FAE04EC0-301F-11D3-BF4B-00C04F79EFBC}") = "Lingol.Pedagogico.API", "src\Services\Pedagogico\Pedagogico.API\Lingol.Pedagogico.API\Lingol.Pedagogico.API.csproj", "{D6B1978C-0836-4CE5-8AEA-D704A5A98D0D}"
EndProject
Project("{2150E333-8FDC-42A3-9474-1A3956D46DE8}") = "Pedagogico.Worker", "Pedagogico.Worker", "{A64BB7A1-49D3-4C69-B7F2-2CD947E226C6}"
EndProject
Project("{FAE04EC0-301F-11D3-BF4B-00C04F79EFBC}") = "Lingol.Pedagogico.Worker", "src\Services\Pedagogico\Pedagogico.Worker\Lingol.Pedagogico.Worker\Lingol.Pedagogico.Worker.csproj", "{BD86CC58-138D-46BF-9A96-64A000963B8C}"
EndProject
Project("{2150E333-8FDC-42A3-9474-1A3956D46DE8}") = "tests", "tests", "{CABB0315-B6AF-4A76-AEB3-82B17DFC7FBE}"
EndProject
Project("{2150E333-8FDC-42A3-9474-1A3956D46DE8}") = "Cadastro.Tests", "Cadastro.Tests", "{23D74D4B-D7EC-485B-82EB-81877F548077}"
EndProject
Project("{FAE04EC0-301F-11D3-BF4B-00C04F79EFBC}") = "Lingol.Cadastro.Tests", "tests\Cadastro.Tests\Lingol.Cadastro.Tests\Lingol.Cadastro.Tests.csproj", "{E5012C93-E290-42D5-B59C-2CD63288F0AA}"
EndProject
Project("{2150E333-8FDC-42A3-9474-1A3956D46DE8}") = "Pedagogico.Tests", "Pedagogico.Tests", "{D8CB89BC-8170-4BFF-B158-32EEAE95DA63}"
EndProject
Project("{FAE04EC0-301F-11D3-BF4B-00C04F79EFBC}") = "Lingol.Pedagogico.Tests", "tests\Pedagogico.Tests\Lingol.Pedagogico.Tests\Lingol.Pedagogico.Tests.csproj", "{10CF31B9-507B-4489-887A-289B67B47EFB}"
EndProject
Project("{2150E333-8FDC-42A3-9474-1A3956D46DE8}") = "Infrastructure", "Infrastructure", "{F2498907-3EE6-9270-3472-2CCC6405BDFF}"
EndProject
Project("{2150E333-8FDC-42A3-9474-1A3956D46DE8}") = "Gateway", "Gateway", "{CE49475A-BB0F-7BA1-4AFC-0F1E56374FFC}"
EndProject
Project("{FAE04EC0-301F-11D3-BF4B-00C04F79EFBC}") = "YarpGateway", "src\Infrastructure\Gateway\YarpGateway\YarpGateway.csproj", "{C91BBBB7-0A66-44D5-B64B-1CA38D4572E2}"
EndProject
Global
	GlobalSection(SolutionConfigurationPlatforms) = preSolution
		Debug|Any CPU = Debug|Any CPU
		Debug|x64 = Debug|x64
		Debug|x86 = Debug|x86
		Release|Any CPU = Release|Any CPU
		Release|x64 = Release|x64
		Release|x86 = Release|x86
	EndGlobalSection
	GlobalSection(ProjectConfigurationPlatforms) = postSolution
		{C8D865B9-C103-45D5-AFDF-DAD9588F7172}.Debug|Any CPU.ActiveCfg = Debug|Any CPU
		{C8D865B9-C103-45D5-AFDF-DAD9588F7172}.Debug|Any CPU.Build.0 = Debug|Any CPU
		{C8D865B9-C103-45D5-AFDF-DAD9588F7172}.Debug|x64.ActiveCfg = Debug|Any CPU
		{C8D865B9-C103-45D5-AFDF-DAD9588F7172}.Debug|x64.Build.0 = Debug|Any CPU
		{C8D865B9-C103-45D5-AFDF-DAD9588F7172}.Debug|x86.ActiveCfg = Debug|Any CPU
		{C8D865B9-C103-45D5-AFDF-DAD9588F7172}.Debug|x86.Build.0 = Debug|Any CPU
		{C8D865B9-C103-45D5-AFDF-DAD9588F7172}.Release|Any CPU.ActiveCfg = Release|Any CPU
		{C8D865B9-C103-45D5-AFDF-DAD9588F7172}.Release|Any CPU.Build.0 = Release|Any CPU
		{C8D865B9-C103-45D5-AFDF-DAD9588F7172}.Release|x64.ActiveCfg = Release|Any CPU
		{C8D865B9-C103-45D5-AFDF-DAD9588F7172}.Release|x64.Build.0 = Release|Any CPU
		{C8D865B9-C103-45D5-AFDF-DAD9588F7172}.Release|x86.ActiveCfg = Release|Any CPU
		{C8D865B9-C103-45D5-AFDF-DAD9588F7172}.Release|x86.Build.0 = Release|Any CPU
		{54CCEC9E-E77E-483E-A8E4-84235C8D3B0E}.Debug|Any CPU.ActiveCfg = Debug|Any CPU
		{54CCEC9E-E77E-483E-A8E4-84235C8D3B0E}.Debug|Any CPU.Build.0 = Debug|Any CPU
		{54CCEC9E-E77E-483E-A8E4-84235C8D3B0E}.Debug|x64.ActiveCfg = Debug|Any CPU
		{54CCEC9E-E77E-483E-A8E4-84235C8D3B0E}.Debug|x64.Build.0 = Debug|Any CPU
		{54CCEC9E-E77E-483E-A8E4-84235C8D3B0E}.Debug|x86.ActiveCfg = Debug|Any CPU
		{54CCEC9E-E77E-483E-A8E4-84235C8D3B0E}.Debug|x86.Build.0 = Debug|Any CPU
		{54CCEC9E-E77E-483E-A8E4-84235C8D3B0E}.Release|Any CPU.ActiveCfg = Release|Any CPU
		{54CCEC9E-E77E-483E-A8E4-84235C8D3B0E}.Release|Any CPU.Build.0 = Release|Any CPU
		{54CCEC9E-E77E-483E-A8E4-84235C8D3B0E}.Release|x64.ActiveCfg = Release|Any CPU
		{54CCEC9E-E77E-483E-A8E4-84235C8D3B0E}.Release|x64.Build.0 = Release|Any CPU
		{54CCEC9E-E77E-483E-A8E4-84235C8D3B0E}.Release|x86.ActiveCfg = Release|Any CPU
		{54CCEC9E-E77E-483E-A8E4-84235C8D3B0E}.Release|x86.Build.0 = Release|Any CPU
		{296DFAAF-40AC-4351-BCF5-5F3346E0DB86}.Debug|Any CPU.ActiveCfg = Debug|Any CPU
		{296DFAAF-40AC-4351-BCF5-5F3346E0DB86}.Debug|Any CPU.Build.0 = Debug|Any CPU
		{296DFAAF-40AC-4351-BCF5-5F3346E0DB86}.Debug|x64.ActiveCfg = Debug|Any CPU
		{296DFAAF-40AC-4351-BCF5-5F3346E0DB86}.Debug|x64.Build.0 = Debug|Any CPU
		{296DFAAF-40AC-4351-BCF5-5F3346E0DB86}.Debug|x86.ActiveCfg = Debug|Any CPU
		{296DFAAF-40AC-4351-BCF5-5F3346E0DB86}.Debug|x86.Build.0 = Debug|Any CPU
		{296DFAAF-40AC-4351-BCF5-5F3346E0DB86}.Release|Any CPU.ActiveCfg = Release|Any CPU
		{296DFAAF-40AC-4351-BCF5-5F3346E0DB86}.Release|Any CPU.Build.0 = Release|Any CPU
		{296DFAAF-40AC-4351-BCF5-5F3346E0DB86}.Release|x64.ActiveCfg = Release|Any CPU
		{296DFAAF-40AC-4351-BCF5-5F3346E0DB86}.Release|x64.Build.0 = Release|Any CPU
		{296DFAAF-40AC-4351-BCF5-5F3346E0DB86}.Release|x86.ActiveCfg = Release|Any CPU
		{296DFAAF-40AC-4351-BCF5-5F3346E0DB86}.Release|x86.Build.0 = Release|Any CPU
		{0B8CA18F-67A4-4591-9AFB-2EAE03B5DA69}.Debug|Any CPU.ActiveCfg = Debug|Any CPU
		{0B8CA18F-67A4-4591-9AFB-2EAE03B5DA69}.Debug|Any CPU.Build.0 = Debug|Any CPU
		{0B8CA18F-67A4-4591-9AFB-2EAE03B5DA69}.Debug|x64.ActiveCfg = Debug|Any CPU
		{0B8CA18F-67A4-4591-9AFB-2EAE03B5DA69}.Debug|x64.Build.0 = Debug|Any CPU
		{0B8CA18F-67A4-4591-9AFB-2EAE03B5DA69}.Debug|x86.ActiveCfg = Debug|Any CPU
		{0B8CA18F-67A4-4591-9AFB-2EAE03B5DA69}.Debug|x86.Build.0 = Debug|Any CPU
		{0B8CA18F-67A4-4591-9AFB-2EAE03B5DA69}.Release|Any CPU.ActiveCfg = Release|Any CPU
		{0B8CA18F-67A4-4591-9AFB-2EAE03B5DA69}.Release|Any CPU.Build.0 = Release|Any CPU
		{0B8CA18F-67A4-4591-9AFB-2EAE03B5DA69}.Release|x64.ActiveCfg = Release|Any CPU
		{0B8CA18F-67A4-4591-9AFB-2EAE03B5DA69}.Release|x64.Build.0 = Release|Any CPU
		{0B8CA18F-67A4-4591-9AFB-2EAE03B5DA69}.Release|x86.ActiveCfg = Release|Any CPU
		{0B8CA18F-67A4-4591-9AFB-2EAE03B5DA69}.Release|x86.Build.0 = Release|Any CPU
		{87D29C9D-8DE0-42BF-AF9A-F41C31CEB7E7}.Debug|Any CPU.ActiveCfg = Debug|Any CPU
		{87D29C9D-8DE0-42BF-AF9A-F41C31CEB7E7}.Debug|Any CPU.Build.0 = Debug|Any CPU
		{87D29C9D-8DE0-42BF-AF9A-F41C31CEB7E7}.Debug|x64.ActiveCfg = Debug|Any CPU
		{87D29C9D-8DE0-42BF-AF9A-F41C31CEB7E7}.Debug|x64.Build.0 = Debug|Any CPU
		{87D29C9D-8DE0-42BF-AF9A-F41C31CEB7E7}.Debug|x86.ActiveCfg = Debug|Any CPU
		{87D29C9D-8DE0-42BF-AF9A-F41C31CEB7E7}.Debug|x86.Build.0 = Debug|Any CPU
		{87D29C9D-8DE0-42BF-AF9A-F41C31CEB7E7}.Release|Any CPU.ActiveCfg = Release|Any CPU
		{87D29C9D-8DE0-42BF-AF9A-F41C31CEB7E7}.Release|Any CPU.Build.0 = Release|Any CPU
		{87D29C9D-8DE0-42BF-AF9A-F41C31CEB7E7}.Release|x64.ActiveCfg = Release|Any CPU
		{87D29C9D-8DE0-42BF-AF9A-F41C31CEB7E7}.Release|x64.Build.0 = Release|Any CPU
		{87D29C9D-8DE0-42BF-AF9A-F41C31CEB7E7}.Release|x86.ActiveCfg = Release|Any CPU
		{87D29C9D-8DE0-42BF-AF9A-F41C31CEB7E7}.Release|x86.Build.0 = Release|Any CPU
		{B0A8A64F-0BED-4D95-878F-7772B7C9CA41}.Debug|Any CPU.ActiveCfg = Debug|Any CPU
		{B0A8A64F-0BED-4D95-878F-7772B7C9CA41}.Debug|Any CPU.Build.0 = Debug|Any CPU
		{B0A8A64F-0BED-4D95-878F-7772B7C9CA41}.Debug|x64.ActiveCfg = Debug|Any CPU
		{B0A8A64F-0BED-4D95-878F-7772B7C9CA41}.Debug|x64.Build.0 = Debug|Any CPU
		{B0A8A64F-0BED-4D95-878F-7772B7C9CA41}.Debug|x86.ActiveCfg = Debug|Any CPU
		{B0A8A64F-0BED-4D95-878F-7772B7C9CA41}.Debug|x86.Build.0 = Debug|Any CPU
		{B0A8A64F-0BED-4D95-878F-7772B7C9CA41}.Release|Any CPU.ActiveCfg = Release|Any CPU
		{B0A8A64F-0BED-4D95-878F-7772B7C9CA41}.Release|Any CPU.Build.0 = Release|Any CPU
		{B0A8A64F-0BED-4D95-878F-7772B7C9CA41}.Release|x64.ActiveCfg = Release|Any CPU
		{B0A8A64F-0BED-4D95-878F-7772B7C9CA41}.Release|x64.Build.0 = Release|Any CPU
		{B0A8A64F-0BED-4D95-878F-7772B7C9CA41}.Release|x86.ActiveCfg = Release|Any CPU
		{B0A8A64F-0BED-4D95-878F-7772B7C9CA41}.Release|x86.Build.0 = Release|Any CPU
		{64112C1A-863A-4FAA-BD5F-C40E738BA027}.Debug|Any CPU.ActiveCfg = Debug|Any CPU
		{64112C1A-863A-4FAA-BD5F-C40E738BA027}.Debug|Any CPU.Build.0 = Debug|Any CPU
		{64112C1A-863A-4FAA-BD5F-C40E738BA027}.Debug|x64.ActiveCfg = Debug|Any CPU
		{64112C1A-863A-4FAA-BD5F-C40E738BA027}.Debug|x64.Build.0 = Debug|Any CPU
		{64112C1A-863A-4FAA-BD5F-C40E738BA027}.Debug|x86.ActiveCfg = Debug|Any CPU
		{64112C1A-863A-4FAA-BD5F-C40E738BA027}.Debug|x86.Build.0 = Debug|Any CPU
		{64112C1A-863A-4FAA-BD5F-C40E738BA027}.Release|Any CPU.ActiveCfg = Release|Any CPU
		{64112C1A-863A-4FAA-BD5F-C40E738BA027}.Release|Any CPU.Build.0 = Release|Any CPU
		{64112C1A-863A-4FAA-BD5F-C40E738BA027}.Release|x64.ActiveCfg = Release|Any CPU
		{64112C1A-863A-4FAA-BD5F-C40E738BA027}.Release|x64.Build.0 = Release|Any CPU
		{64112C1A-863A-4FAA-BD5F-C40E738BA027}.Release|x86.ActiveCfg = Release|Any CPU
		{64112C1A-863A-4FAA-BD5F-C40E738BA027}.Release|x86.Build.0 = Release|Any CPU
		{28A3B2AB-5DDA-43CC-98F4-4564D5F24950}.Debug|Any CPU.ActiveCfg = Debug|Any CPU
		{28A3B2AB-5DDA-43CC-98F4-4564D5F24950}.Debug|Any CPU.Build.0 = Debug|Any CPU
		{28A3B2AB-5DDA-43CC-98F4-4564D5F24950}.Debug|x64.ActiveCfg = Debug|Any CPU
		{28A3B2AB-5DDA-43CC-98F4-4564D5F24950}.Debug|x64.Build.0 = Debug|Any CPU
		{28A3B2AB-5DDA-43CC-98F4-4564D5F24950}.Debug|x86.ActiveCfg = Debug|Any CPU
		{28A3B2AB-5DDA-43CC-98F4-4564D5F24950}.Debug|x86.Build.0 = Debug|Any CPU
		{28A3B2AB-5DDA-43CC-98F4-4564D5F24950}.Release|Any CPU.ActiveCfg = Release|Any CPU
		{28A3B2AB-5DDA-43CC-98F4-4564D5F24950}.Release|Any CPU.Build.0 = Release|Any CPU
		{28A3B2AB-5DDA-43CC-98F4-4564D5F24950}.Release|x64.ActiveCfg = Release|Any CPU
		{28A3B2AB-5DDA-43CC-98F4-4564D5F24950}.Release|x64.Build.0 = Release|Any CPU
		{28A3B2AB-5DDA-43CC-98F4-4564D5F24950}.Release|x86.ActiveCfg = Release|Any CPU
		{28A3B2AB-5DDA-43CC-98F4-4564D5F24950}.Release|x86.Build.0 = Release|Any CPU
		{438C7DAF-E003-4001-9032-E3A95D137DEC}.Debug|Any CPU.ActiveCfg = Debug|Any CPU
		{438C7DAF-E003-4001-9032-E3A95D137DEC}.Debug|Any CPU.Build.0 = Debug|Any CPU
		{438C7DAF-E003-4001-9032-E3A95D137DEC}.Debug|x64.ActiveCfg = Debug|Any CPU
		{438C7DAF-E003-4001-9032-E3A95D137DEC}.Debug|x64.Build.0 = Debug|Any CPU
		{438C7DAF-E003-4001-9032-E3A95D137DEC}.Debug|x86.ActiveCfg = Debug|Any CPU
		{438C7DAF-E003-4001-9032-E3A95D137DEC}.Debug|x86.Build.0 = Debug|Any CPU
		{438C7DAF-E003-4001-9032-E3A95D137DEC}.Release|Any CPU.ActiveCfg = Release|Any CPU
		{438C7DAF-E003-4001-9032-E3A95D137DEC}.Release|Any CPU.Build.0 = Release|Any CPU
		{438C7DAF-E003-4001-9032-E3A95D137DEC}.Release|x64.ActiveCfg = Release|Any CPU
		{438C7DAF-E003-4001-9032-E3A95D137DEC}.Release|x64.Build.0 = Release|Any CPU
		{438C7DAF-E003-4001-9032-E3A95D137DEC}.Release|x86.ActiveCfg = Release|Any CPU
		{438C7DAF-E003-4001-9032-E3A95D137DEC}.Release|x86.Build.0 = Release|Any CPU
		{D6B1978C-0836-4CE5-8AEA-D704A5A98D0D}.Debug|Any CPU.ActiveCfg = Debug|Any CPU
		{D6B1978C-0836-4CE5-8AEA-D704A5A98D0D}.Debug|Any CPU.Build.0 = Debug|Any CPU
		{D6B1978C-0836-4CE5-8AEA-D704A5A98D0D}.Debug|x64.ActiveCfg = Debug|Any CPU
		{D6B1978C-0836-4CE5-8AEA-D704A5A98D0D}.Debug|x64.Build.0 = Debug|Any CPU
		{D6B1978C-0836-4CE5-8AEA-D704A5A98D0D}.Debug|x86.ActiveCfg = Debug|Any CPU
		{D6B1978C-0836-4CE5-8AEA-D704A5A98D0D}.Debug|x86.Build.0 = Debug|Any CPU
		{D6B1978C-0836-4CE5-8AEA-D704A5A98D0D}.Release|Any CPU.ActiveCfg = Release|Any CPU
		{D6B1978C-0836-4CE5-8AEA-D704A5A98D0D}.Release|Any CPU.Build.0 = Release|Any CPU
		{D6B1978C-0836-4CE5-8AEA-D704A5A98D0D}.Release|x64.ActiveCfg = Release|Any CPU
		{D6B1978C-0836-4CE5-8AEA-D704A5A98D0D}.Release|x64.Build.0 = Release|Any CPU
		{D6B1978C-0836-4CE5-8AEA-D704A5A98D0D}.Release|x86.ActiveCfg = Release|Any CPU
		{D6B1978C-0836-4CE5-8AEA-D704A5A98D0D}.Release|x86.Build.0 = Release|Any CPU
		{BD86CC58-138D-46BF-9A96-64A000963B8C}.Debug|Any CPU.ActiveCfg = Debug|Any CPU
		{BD86CC58-138D-46BF-9A96-64A000963B8C}.Debug|Any CPU.Build.0 = Debug|Any CPU
		{BD86CC58-138D-46BF-9A96-64A000963B8C}.Debug|x64.ActiveCfg = Debug|Any CPU
		{BD86CC58-138D-46BF-9A96-64A000963B8C}.Debug|x64.Build.0 = Debug|Any CPU
		{BD86CC58-138D-46BF-9A96-64A000963B8C}.Debug|x86.ActiveCfg = Debug|Any CPU
		{BD86CC58-138D-46BF-9A96-64A000963B8C}.Debug|x86.Build.0 = Debug|Any CPU
		{BD86CC58-138D-46BF-9A96-64A000963B8C}.Release|Any CPU.ActiveCfg = Release|Any CPU
		{BD86CC58-138D-46BF-9A96-64A000963B8C}.Release|Any CPU.Build.0 = Release|Any CPU
		{BD86CC58-138D-46BF-9A96-64A000963B8C}.Release|x64.ActiveCfg = Release|Any CPU
		{BD86CC58-138D-46BF-9A96-64A000963B8C}.Release|x64.Build.0 = Release|Any CPU
		{BD86CC58-138D-46BF-9A96-64A000963B8C}.Release|x86.ActiveCfg = Release|Any CPU
		{BD86CC58-138D-46BF-9A96-64A000963B8C}.Release|x86.Build.0 = Release|Any CPU
		{E5012C93-E290-42D5-B59C-2CD63288F0AA}.Debug|Any CPU.ActiveCfg = Debug|Any CPU
		{E5012C93-E290-42D5-B59C-2CD63288F0AA}.Debug|Any CPU.Build.0 = Debug|Any CPU
		{E5012C93-E290-42D5-B59C-2CD63288F0AA}.Debug|x64.ActiveCfg = Debug|Any CPU
		{E5012C93-E290-42D5-B59C-2CD63288F0AA}.Debug|x64.Build.0 = Debug|Any CPU
		{E5012C93-E290-42D5-B59C-2CD63288F0AA}.Debug|x86.ActiveCfg = Debug|Any CPU
		{E5012C93-E290-42D5-B59C-2CD63288F0AA}.Debug|x86.Build.0 = Debug|Any CPU
		{E5012C93-E290-42D5-B59C-2CD63288F0AA}.Release|Any CPU.ActiveCfg = Release|Any CPU
		{E5012C93-E290-42D5-B59C-2CD63288F0AA}.Release|Any CPU.Build.0 = Release|Any CPU
		{E5012C93-E290-42D5-B59C-2CD63288F0AA}.Release|x64.ActiveCfg = Release|Any CPU
		{E5012C93-E290-42D5-B59C-2CD63288F0AA}.Release|x64.Build.0 = Release|Any CPU
		{E5012C93-E290-42D5-B59C-2CD63288F0AA}.Release|x86.ActiveCfg = Release|Any CPU
		{E5012C93-E290-42D5-B59C-2CD63288F0AA}.Release|x86.Build.0 = Release|Any CPU
		{10CF31B9-507B-4489-887A-289B67B47EFB}.Debug|Any CPU.ActiveCfg = Debug|Any CPU
		{10CF31B9-507B-4489-887A-289B67B47EFB}.Debug|Any CPU.Build.0 = Debug|Any CPU
		{10CF31B9-507B-4489-887A-289B67B47EFB}.Debug|x64.ActiveCfg = Debug|Any CPU
		{10CF31B9-507B-4489-887A-289B67B47EFB}.Debug|x64.Build.0 = Debug|Any CPU
		{10CF31B9-507B-4489-887A-289B67B47EFB}.Debug|x86.ActiveCfg = Debug|Any CPU
		{10CF31B9-507B-4489-887A-289B67B47EFB}.Debug|x86.Build.0 = Debug|Any CPU
		{10CF31B9-507B-4489-887A-289B67B47EFB}.Release|Any CPU.ActiveCfg = Release|Any CPU
		{10CF31B9-507B-4489-887A-289B67B47EFB}.Release|Any CPU.Build.0 = Release|Any CPU
		{10CF31B9-507B-4489-887A-289B67B47EFB}.Release|x64.ActiveCfg = Release|Any CPU
		{10CF31B9-507B-4489-887A-289B67B47EFB}.Release|x64.Build.0 = Release|Any CPU
		{10CF31B9-507B-4489-887A-289B67B47EFB}.Release|x86.ActiveCfg = Release|Any CPU
		{10CF31B9-507B-4489-887A-289B67B47EFB}.Release|x86.Build.0 = Release|Any CPU
		{C91BBBB7-0A66-44D5-B64B-1CA38D4572E2}.Debug|Any CPU.ActiveCfg = Debug|Any CPU
		{C91BBBB7-0A66-44D5-B64B-1CA38D4572E2}.Debug|Any CPU.Build.0 = Debug|Any CPU
		{C91BBBB7-0A66-44D5-B64B-1CA38D4572E2}.Debug|x64.ActiveCfg = Debug|Any CPU
		{C91BBBB7-0A66-44D5-B64B-1CA38D4572E2}.Debug|x64.Build.0 = Debug|Any CPU
		{C91BBBB7-0A66-44D5-B64B-1CA38D4572E2}.Debug|x86.ActiveCfg = Debug|Any CPU
		{C91BBBB7-0A66-44D5-B64B-1CA38D4572E2}.Debug|x86.Build.0 = Debug|Any CPU
		{C91BBBB7-0A66-44D5-B64B-1CA38D4572E2}.Release|Any CPU.ActiveCfg = Release|Any CPU
		{C91BBBB7-0A66-44D5-B64B-1CA38D4572E2}.Release|Any CPU.Build.0 = Release|Any CPU
		{C91BBBB7-0A66-44D5-B64B-1CA38D4572E2}.Release|x64.ActiveCfg = Release|Any CPU
		{C91BBBB7-0A66-44D5-B64B-1CA38D4572E2}.Release|x64.Build.0 = Release|Any CPU
		{C91BBBB7-0A66-44D5-B64B-1CA38D4572E2}.Release|x86.ActiveCfg = Release|Any CPU
		{C91BBBB7-0A66-44D5-B64B-1CA38D4572E2}.Release|x86.Build.0 = Release|Any CPU
	EndGlobalSection
	GlobalSection(SolutionProperties) = preSolution
		HideSolutionNode = FALSE
	EndGlobalSection
	GlobalSection(NestedProjects) = preSolution
		{DA8CE707-FCAF-4B08-98F6-95F6DB8D02DA} = {56DC8BC2-7ADB-47C0-8BAF-514F79050A66}
		{78FE631C-9F93-4C78-81B8-EB8906ADCAB6} = {DA8CE707-FCAF-4B08-98F6-95F6DB8D02DA}
		{C8D865B9-C103-45D5-AFDF-DAD9588F7172} = {78FE631C-9F93-4C78-81B8-EB8906ADCAB6}
		{F271D069-96F4-41EC-AB5F-DEB3F21FCD7E} = {DA8CE707-FCAF-4B08-98F6-95F6DB8D02DA}
		{54CCEC9E-E77E-483E-A8E4-84235C8D3B0E} = {F271D069-96F4-41EC-AB5F-DEB3F21FCD7E}
		{0F9EB597-434D-424B-9DAE-F7ED43EA4786} = {56DC8BC2-7ADB-47C0-8BAF-514F79050A66}
		{5866C3FF-5515-4BFC-9B9D-F04DE30C699F} = {0F9EB597-434D-424B-9DAE-F7ED43EA4786}
		{FAD1675E-0F4E-44F4-86A2-91B518AE6D03} = {5866C3FF-5515-4BFC-9B9D-F04DE30C699F}
		{296DFAAF-40AC-4351-BCF5-5F3346E0DB86} = {FAD1675E-0F4E-44F4-86A2-91B518AE6D03}
		{53E163EE-5D0F-4AE1-950A-91A8408407E2} = {5866C3FF-5515-4BFC-9B9D-F04DE30C699F}
		{0B8CA18F-67A4-4591-9AFB-2EAE03B5DA69} = {53E163EE-5D0F-4AE1-950A-91A8408407E2}
		{8C88B3D6-10FC-4077-86CC-F5507DC65F33} = {5866C3FF-5515-4BFC-9B9D-F04DE30C699F}
		{87D29C9D-8DE0-42BF-AF9A-F41C31CEB7E7} = {8C88B3D6-10FC-4077-86CC-F5507DC65F33}
		{4F8B205D-ABB5-4319-95BA-AD5915B43242} = {0F9EB597-434D-424B-9DAE-F7ED43EA4786}
		{02FF20F6-215C-43B2-AC72-6993C997B0AD} = {4F8B205D-ABB5-4319-95BA-AD5915B43242}
		{B0A8A64F-0BED-4D95-878F-7772B7C9CA41} = {02FF20F6-215C-43B2-AC72-6993C997B0AD}
		{A1368759-9295-4350-A224-39B2E1193232} = {5866C3FF-5515-4BFC-9B9D-F04DE30C699F}
		{64112C1A-863A-4FAA-BD5F-C40E738BA027} = {A1368759-9295-4350-A224-39B2E1193232}
		{9F651F17-DD6E-4F39-B42E-3B6EADBB1FD4} = {4F8B205D-ABB5-4319-95BA-AD5915B43242}
		{28A3B2AB-5DDA-43CC-98F4-4564D5F24950} = {9F651F17-DD6E-4F39-B42E-3B6EADBB1FD4}
		{C5FD468B-C109-4AE1-B2AD-BB8FAD9805C2} = {4F8B205D-ABB5-4319-95BA-AD5915B43242}
		{438C7DAF-E003-4001-9032-E3A95D137DEC} = {C5FD468B-C109-4AE1-B2AD-BB8FAD9805C2}
		{99111FEF-8914-47B7-82E8-FDF140FA6FCF} = {4F8B205D-ABB5-4319-95BA-AD5915B43242}
		{D6B1978C-0836-4CE5-8AEA-D704A5A98D0D} = {99111FEF-8914-47B7-82E8-FDF140FA6FCF}
		{A64BB7A1-49D3-4C69-B7F2-2CD947E226C6} = {4F8B205D-ABB5-4319-95BA-AD5915B43242}
		{BD86CC58-138D-46BF-9A96-64A000963B8C} = {A64BB7A1-49D3-4C69-B7F2-2CD947E226C6}
		{23D74D4B-D7EC-485B-82EB-81877F548077} = {CABB0315-B6AF-4A76-AEB3-82B17DFC7FBE}
		{E5012C93-E290-42D5-B59C-2CD63288F0AA} = {23D74D4B-D7EC-485B-82EB-81877F548077}
		{D8CB89BC-8170-4BFF-B158-32EEAE95DA63} = {CABB0315-B6AF-4A76-AEB3-82B17DFC7FBE}
		{10CF31B9-507B-4489-887A-289B67B47EFB} = {D8CB89BC-8170-4BFF-B158-32EEAE95DA63}
		{F2498907-3EE6-9270-3472-2CCC6405BDFF} = {56DC8BC2-7ADB-47C0-8BAF-514F79050A66}
		{CE49475A-BB0F-7BA1-4AFC-0F1E56374FFC} = {F2498907-3EE6-9270-3472-2CCC6405BDFF}
		{C91BBBB7-0A66-44D5-B64B-1CA38D4572E2} = {CE49475A-BB0F-7BA1-4AFC-0F1E56374FFC}
	EndGlobalSection
EndGlobal
